{
    "requires": true,
    "lockfileVersion": 1,
    "dependencies": {
        "bootstrap-timepicker": {
            "version": "0.5.2",
            "resolved": "https://registry.npmjs.org/bootstrap-timepicker/-/bootstrap-timepicker-0.5.2.tgz",
            "integrity": "sha1-EO2fKi8LjMrvzeD89qBzi5GaODU="
        }
    }
}
